// !$*UTF8*$!
{
	archiveVersion = 1;
	classes = {
	};
	objectVersion = 51;
	objects = {

/* Begin PBXBuildFile section */
		796B7840271E32B6004E740F /* carpeta sin título in Resources */ = {isa = PBXBuildFile; fileRef = 796B783F271E32B6004E740F /* carpeta sin título */; };
		79964541271AC9C200F30ED4 /* pieViewController.swift in Sources */ = {isa = PBXBuildFile; fileRef = 79964540271AC9C200F30ED4 /* pieViewController.swift */; };
		79B981DA270E5206003085C6 /* ReportesInfoViewController.swift in Sources */ = {isa = PBXBuildFile; fileRef = 79B981D9270E5206003085C6 /* ReportesInfoViewController.swift */; };
		800EB1C0270BD62000315934 /* SesionInfoCollectionViewCell.swift in Sources */ = {isa = PBXBuildFile; fileRef = 800EB1BF270BD62000315934 /* SesionInfoCollectionViewCell.swift */; };
		800EB1C3270BD7D700315934 /* MisSesionesCollectionViewController.swift in Sources */ = {isa = PBXBuildFile; fileRef = 800EB1C2270BD7D700315934 /* MisSesionesCollectionViewController.swift */; };
		80BF227E270D1F270049BAAB /* SeguimientoSesionViewController.swift in Sources */ = {isa = PBXBuildFile; fileRef = 80BF227D270D1F270049BAAB /* SeguimientoSesionViewController.swift */; };
		80C752A02707CFDC00BABE56 /* Sesion.swift in Sources */ = {isa = PBXBuildFile; fileRef = 80C7529F2707CFDC00BABE56 /* Sesion.swift */; };
		80C752A32707E18000BABE56 /* sesionController.swift in Sources */ = {isa = PBXBuildFile; fileRef = 80C752A22707E18000BABE56 /* sesionController.swift */; };
		C21F162B27174833001B4186 /* FiltroSesionCollectionViewCell.swift in Sources */ = {isa = PBXBuildFile; fileRef = C21F162A27174833001B4186 /* FiltroSesionCollectionViewCell.swift */; };
		C21F162F27174FA7001B4186 /* FiltroSesionesViewController.swift in Sources */ = {isa = PBXBuildFile; fileRef = C21F162E27174FA7001B4186 /* FiltroSesionesViewController.swift */; };
		C21F174D271CC1F0001B4186 /* CetacIndicadoresViewController.swift in Sources */ = {isa = PBXBuildFile; fileRef = C21F174C271CC1F0001B4186 /* CetacIndicadoresViewController.swift */; };
		C21F179A271E4412001B4186 /* SesionIndicadoresViewController.swift in Sources */ = {isa = PBXBuildFile; fileRef = C21F1799271E4412001B4186 /* SesionIndicadoresViewController.swift */; };
		C21F17A4271EAD8B001B4186 /* Cama_termica.jpeg in Resources */ = {isa = PBXBuildFile; fileRef = C21F17A1271EAD88001B4186 /* Cama_termica.jpeg */; };
		C21F17A5271EAD8B001B4186 /* Acompa_grupal.png in Resources */ = {isa = PBXBuildFile; fileRef = C21F17A2271EAD89001B4186 /* Acompa_grupal.png */; };
		C21F17A6271EAD8B001B4186 /* Acompa_individual.png in Resources */ = {isa = PBXBuildFile; fileRef = C21F17A3271EAD8A001B4186 /* Acompa_individual.png */; };
		C21F17AA271EAEA0001B4186 /* brisas.png in Resources */ = {isa = PBXBuildFile; fileRef = C21F17A9271EAE9F001B4186 /* brisas.png */; };
		C21F17AE271EAF6B001B4186 /* acompa2.jpeg in Resources */ = {isa = PBXBuildFile; fileRef = C21F17AD271EAF6B001B4186 /* acompa2.jpeg */; };
		C21F17B2271EAF70001B4186 /* holis2.jpeg in Resources */ = {isa = PBXBuildFile; fileRef = C21F17B1271EAF70001B4186 /* holis2.jpeg */; };
		C21F17B6271EB0D6001B4186 /* reporte2.png in Resources */ = {isa = PBXBuildFile; fileRef = C21F17B5271EB0D6001B4186 /* reporte2.png */; };
		C25EF30327091B400046EA18 /* ToolBarPickerViewUtility.swift in Sources */ = {isa = PBXBuildFile; fileRef = C25EF30227091B400046EA18 /* ToolBarPickerViewUtility.swift */; };
		C25EF308270980EA0046EA18 /* encuadre_header.png in Resources */ = {isa = PBXBuildFile; fileRef = C25EF306270980E50046EA18 /* encuadre_header.png */; };
		C25EF30B270982AF0046EA18 /* seguimiento_header.png in Resources */ = {isa = PBXBuildFile; fileRef = C25EF30A270982AF0046EA18 /* seguimiento_header.png */; };
		C26378CD2703B68A00900453 /* mis_sesiones.png in Resources */ = {isa = PBXBuildFile; fileRef = C26378CA2703B68800900453 /* mis_sesiones.png */; };
		C26378CE2703B68A00900453 /* mis_usuarios.jpeg in Resources */ = {isa = PBXBuildFile; fileRef = C26378CB2703B68900900453 /* mis_usuarios.jpeg */; };
		C26378CF2703B68A00900453 /* indicadores.png in Resources */ = {isa = PBXBuildFile; fileRef = C26378CC2703B68A00900453 /* indicadores.png */; };
		C26378D12703B69400900453 /* reportes.png in Resources */ = {isa = PBXBuildFile; fileRef = C26378D02703B69400900453 /* reportes.png */; };
		C26378D32703C41500900453 /* cetacUserController.swift in Sources */ = {isa = PBXBuildFile; fileRef = C26378D22703C41500900453 /* cetacUserController.swift */; };
		C26378D52704B0B400900453 /* Usuario.swift in Sources */ = {isa = PBXBuildFile; fileRef = C26378D42704B0B400900453 /* Usuario.swift */; };
		C27285D92712655700F6524A /* AddCetacUserTest.swift in Sources */ = {isa = PBXBuildFile; fileRef = C27285D82712655700F6524A /* AddCetacUserTest.swift */; };
		C27285DC2712673300F6524A /* GetCetacUserInfoTest.swift in Sources */ = {isa = PBXBuildFile; fileRef = C27285DB2712673300F6524A /* GetCetacUserInfoTest.swift */; };
		C274AFB3270235A3003DC50F /* GoogleService-Info.plist in Resources */ = {isa = PBXBuildFile; fileRef = C274AFB2270235A3003DC50F /* GoogleService-Info.plist */; };
		C274AFD227023907003DC50F /* loginBackground.png in Resources */ = {isa = PBXBuildFile; fileRef = C274AFD127023907003DC50F /* loginBackground.png */; };
		C274AFD927024087003DC50F /* signupBackground.jpeg in Resources */ = {isa = PBXBuildFile; fileRef = C274AFD827024087003DC50F /* signupBackground.jpeg */; };
		C274AFDE27026129003DC50F /* LoginiViewController.swift in Sources */ = {isa = PBXBuildFile; fileRef = C274AFDD27026129003DC50F /* LoginiViewController.swift */; };
		C274AFE12702614B003DC50F /* SignupViewController.swift in Sources */ = {isa = PBXBuildFile; fileRef = C274AFE02702614B003DC50F /* SignupViewController.swift */; };
		C274AFE427026185003DC50F /* HomeGestionCETACViewController.swift in Sources */ = {isa = PBXBuildFile; fileRef = C274AFE327026185003DC50F /* HomeGestionCETACViewController.swift */; };
		C274AFE82702622D003DC50F /* cetacUser.swift in Sources */ = {isa = PBXBuildFile; fileRef = C274AFE72702622D003DC50F /* cetacUser.swift */; };
		C2761D8927073C3F000C65A2 /* UsuarioCollectionViewCell.swift in Sources */ = {isa = PBXBuildFile; fileRef = C2761D8827073C3F000C65A2 /* UsuarioCollectionViewCell.swift */; };
		C2761D8B27073EAD000C65A2 /* Icons in Resources */ = {isa = PBXBuildFile; fileRef = C2761D8A27073EAD000C65A2 /* Icons */; };
		C2761D8F2707A62A000C65A2 /* MisUsuariosCollectionViewController.swift in Sources */ = {isa = PBXBuildFile; fileRef = C2761D8E2707A62A000C65A2 /* MisUsuariosCollectionViewController.swift */; };
		C2AEE9BC270A8255004FD450 /* InformacionUsuarioViewController.swift in Sources */ = {isa = PBXBuildFile; fileRef = C2AEE9BB270A8255004FD450 /* InformacionUsuarioViewController.swift */; };
		C2BF29F52704E63800621763 /* usuarioController.swift in Sources */ = {isa = PBXBuildFile; fileRef = C2BF29F42704E63800621763 /* usuarioController.swift */; };
		C2BF29F72705069B00621763 /* EncuadreViewController.swift in Sources */ = {isa = PBXBuildFile; fileRef = C2BF29F62705069B00621763 /* EncuadreViewController.swift */; };
		C2C870EA26FD0823008E77C2 /* gus.storyboard in Resources */ = {isa = PBXBuildFile; fileRef = C2C870E926FD0823008E77C2 /* gus.storyboard */; };
		C2C870EC26FD0837008E77C2 /* diogenes.storyboard in Resources */ = {isa = PBXBuildFile; fileRef = C2C870EB26FD0837008E77C2 /* diogenes.storyboard */; };
		C2C870EE26FD0844008E77C2 /* amm.storyboard in Resources */ = {isa = PBXBuildFile; fileRef = C2C870ED26FD0844008E77C2 /* amm.storyboard */; };
		C2C99E7426FE4E11008FBDF1 /* vision.jpeg in Resources */ = {isa = PBXBuildFile; fileRef = C2C99E6B26FE4E10008FBDF1 /* vision.jpeg */; };
		C2C99E7526FE4E11008FBDF1 /* inicio1.png in Resources */ = {isa = PBXBuildFile; fileRef = C2C99E6C26FE4E10008FBDF1 /* inicio1.png */; };
		C2C99E7626FE4E11008FBDF1 /* mision.jpeg in Resources */ = {isa = PBXBuildFile; fileRef = C2C99E6D26FE4E10008FBDF1 /* mision.jpeg */; };
		C2C99E7726FE4E11008FBDF1 /* inicio2.png in Resources */ = {isa = PBXBuildFile; fileRef = C2C99E6E26FE4E10008FBDF1 /* inicio2.png */; };
		C2C99E7826FE4E11008FBDF1 /* valores.jpeg in Resources */ = {isa = PBXBuildFile; fileRef = C2C99E6F26FE4E11008FBDF1 /* valores.jpeg */; };
		C2C99E7A26FE4E11008FBDF1 /* acompanamiento.png in Resources */ = {isa = PBXBuildFile; fileRef = C2C99E7126FE4E11008FBDF1 /* acompanamiento.png */; };
		C2C99E7B26FE4E11008FBDF1 /* holisticos.jpeg in Resources */ = {isa = PBXBuildFile; fileRef = C2C99E7226FE4E11008FBDF1 /* holisticos.jpeg */; };
		C2C99E7C26FE4E11008FBDF1 /* objetivos.jpeg in Resources */ = {isa = PBXBuildFile; fileRef = C2C99E7326FE4E11008FBDF1 /* objetivos.jpeg */; };
		C2C99E8226FE5A0E008FBDF1 /* alternativos.jpeg in Resources */ = {isa = PBXBuildFile; fileRef = C2C99E8126FE5A0E008FBDF1 /* alternativos.jpeg */; };
		C2E97685270E858D001C5E44 /* ReporteCollectionViewCell.swift in Sources */ = {isa = PBXBuildFile; fileRef = C2E97684270E858D001C5E44 /* ReporteCollectionViewCell.swift */; };
		C2E97687270E8706001C5E44 /* MisReportesCollectionViewController.swift in Sources */ = {isa = PBXBuildFile; fileRef = C2E97686270E8706001C5E44 /* MisReportesCollectionViewController.swift */; };
		C2FDADA927122AC100DB7F19 /* ValidatePasswordTest.swift in Sources */ = {isa = PBXBuildFile; fileRef = C2FDADA827122AC100DB7F19 /* ValidatePasswordTest.swift */; };
		C2FDADAB2712339A00DB7F19 /* ValidateEmailTest.swift in Sources */ = {isa = PBXBuildFile; fileRef = C2FDADAA2712339900DB7F19 /* ValidateEmailTest.swift */; };
		C2FDADAD2712350700DB7F19 /* ValidateLogInTest.swift in Sources */ = {isa = PBXBuildFile; fileRef = C2FDADAC2712350700DB7F19 /* ValidateLogInTest.swift */; };
		C2FDADAF27123DAC00DB7F19 /* ValidateSignUpTest.swift in Sources */ = {isa = PBXBuildFile; fileRef = C2FDADAE27123DAC00DB7F19 /* ValidateSignUpTest.swift */; };
		D00CBCE49F871D8F76C8C121 /* Pods_GestionCETAC.framework in Frameworks */ = {isa = PBXBuildFile; fileRef = 15904D38180C0302EF049C30 /* Pods_GestionCETAC.framework */; };
		EA9EA45426FBE33C00B5B565 /* AppDelegate.swift in Sources */ = {isa = PBXBuildFile; fileRef = EA9EA45326FBE33C00B5B565 /* AppDelegate.swift */; };
		EA9EA45626FBE33C00B5B565 /* SceneDelegate.swift in Sources */ = {isa = PBXBuildFile; fileRef = EA9EA45526FBE33C00B5B565 /* SceneDelegate.swift */; };
		EA9EA45826FBE33C00B5B565 /* ViewController.swift in Sources */ = {isa = PBXBuildFile; fileRef = EA9EA45726FBE33C00B5B565 /* ViewController.swift */; };
		EA9EA45B26FBE33C00B5B565 /* Main.storyboard in Resources */ = {isa = PBXBuildFile; fileRef = EA9EA45926FBE33C00B5B565 /* Main.storyboard */; };
		EA9EA45D26FBE34600B5B565 /* Assets.xcassets in Resources */ = {isa = PBXBuildFile; fileRef = EA9EA45C26FBE34600B5B565 /* Assets.xcassets */; };
		EA9EA46026FBE34600B5B565 /* LaunchScreen.storyboard in Resources */ = {isa = PBXBuildFile; fileRef = EA9EA45E26FBE34600B5B565 /* LaunchScreen.storyboard */; };
/* End PBXBuildFile section */

/* Begin PBXContainerItemProxy section */
		C2FDADA327122A9300DB7F19 /* PBXContainerItemProxy */ = {
			isa = PBXContainerItemProxy;
			containerPortal = EA9EA44826FBE33C00B5B565 /* Project object */;
			proxyType = 1;
			remoteGlobalIDString = EA9EA44F26FBE33C00B5B565;
			remoteInfo = GestionCETAC;
		};
/* End PBXContainerItemProxy section */

/* Begin PBXFileReference section */
		15904D38180C0302EF049C30 /* Pods_GestionCETAC.framework */ = {isa = PBXFileReference; explicitFileType = wrapper.framework; includeInIndex = 0; path = Pods_GestionCETAC.framework; sourceTree = BUILT_PRODUCTS_DIR; };
		29C1238AFAE8C2D6EE94FCA1 /* Pods-GestionCETAC.release.xcconfig */ = {isa = PBXFileReference; includeInIndex = 1; lastKnownFileType = text.xcconfig; name = "Pods-GestionCETAC.release.xcconfig"; path = "Target Support Files/Pods-GestionCETAC/Pods-GestionCETAC.release.xcconfig"; sourceTree = "<group>"; };
		796B7833271E2EC7004E740F /* Tanatologia.jpg */ = {isa = PBXFileReference; lastKnownFileType = image.jpeg; path = Tanatologia.jpg; sourceTree = "<group>"; };
		796B7836271E2EC7004E740F /* Logoterapia.png */ = {isa = PBXFileReference; lastKnownFileType = image.png; path = Logoterapia.png; sourceTree = "<group>"; };
		796B7837271E2EC8004E740F /* Mindfulness.png */ = {isa = PBXFileReference; lastKnownFileType = image.png; path = Mindfulness.png; sourceTree = "<group>"; };
		796B783A271E31AE004E740F /* cristales.jpg */ = {isa = PBXFileReference; lastKnownFileType = image.jpeg; path = cristales.jpg; sourceTree = "<group>"; };
		796B783B271E31AE004E740F /* Reiki.jpg */ = {isa = PBXFileReference; lastKnownFileType = image.jpeg; path = Reiki.jpg; sourceTree = "<group>"; };
		796B783D271E31AF004E740F /* biomagnetismo.jpg */ = {isa = PBXFileReference; lastKnownFileType = image.jpeg; path = biomagnetismo.jpg; sourceTree = "<group>"; };
		796B783E271E31AF004E740F /* aromaterapia y musicoterapia.jpg */ = {isa = PBXFileReference; lastKnownFileType = image.jpeg; path = "aromaterapia y musicoterapia.jpg"; sourceTree = "<group>"; };
		796B783F271E32B6004E740F /* carpeta sin título */ = {isa = PBXFileReference; lastKnownFileType = folder; path = "carpeta sin título"; sourceTree = "<group>"; };
		79964540271AC9C200F30ED4 /* pieViewController.swift */ = {isa = PBXFileReference; lastKnownFileType = sourcecode.swift; path = pieViewController.swift; sourceTree = "<group>"; };
		79B981D9270E5206003085C6 /* ReportesInfoViewController.swift */ = {isa = PBXFileReference; lastKnownFileType = sourcecode.swift; path = ReportesInfoViewController.swift; sourceTree = "<group>"; };
		800EB1BF270BD62000315934 /* SesionInfoCollectionViewCell.swift */ = {isa = PBXFileReference; lastKnownFileType = sourcecode.swift; path = SesionInfoCollectionViewCell.swift; sourceTree = "<group>"; };
		800EB1C2270BD7D700315934 /* MisSesionesCollectionViewController.swift */ = {isa = PBXFileReference; lastKnownFileType = sourcecode.swift; path = MisSesionesCollectionViewController.swift; sourceTree = "<group>"; };
		80BF227D270D1F270049BAAB /* SeguimientoSesionViewController.swift */ = {isa = PBXFileReference; lastKnownFileType = sourcecode.swift; path = SeguimientoSesionViewController.swift; sourceTree = "<group>"; };
		80C7529F2707CFDC00BABE56 /* Sesion.swift */ = {isa = PBXFileReference; lastKnownFileType = sourcecode.swift; path = Sesion.swift; sourceTree = "<group>"; };
		80C752A22707E18000BABE56 /* sesionController.swift */ = {isa = PBXFileReference; lastKnownFileType = sourcecode.swift; path = sesionController.swift; sourceTree = "<group>"; };
		C21F162A27174833001B4186 /* FiltroSesionCollectionViewCell.swift */ = {isa = PBXFileReference; lastKnownFileType = sourcecode.swift; path = FiltroSesionCollectionViewCell.swift; sourceTree = "<group>"; };
		C21F162E27174FA7001B4186 /* FiltroSesionesViewController.swift */ = {isa = PBXFileReference; lastKnownFileType = sourcecode.swift; path = FiltroSesionesViewController.swift; sourceTree = "<group>"; };
		C21F174C271CC1F0001B4186 /* CetacIndicadoresViewController.swift */ = {isa = PBXFileReference; lastKnownFileType = sourcecode.swift; path = CetacIndicadoresViewController.swift; sourceTree = "<group>"; };
		C21F1799271E4412001B4186 /* SesionIndicadoresViewController.swift */ = {isa = PBXFileReference; lastKnownFileType = sourcecode.swift; path = SesionIndicadoresViewController.swift; sourceTree = "<group>"; };
		C21F17A1271EAD88001B4186 /* Cama_termica.jpeg */ = {isa = PBXFileReference; lastKnownFileType = image.jpeg; path = Cama_termica.jpeg; sourceTree = "<group>"; };
		C21F17A2271EAD89001B4186 /* Acompa_grupal.png */ = {isa = PBXFileReference; lastKnownFileType = image.png; path = Acompa_grupal.png; sourceTree = "<group>"; };
		C21F17A3271EAD8A001B4186 /* Acompa_individual.png */ = {isa = PBXFileReference; lastKnownFileType = image.png; path = Acompa_individual.png; sourceTree = "<group>"; };
		C21F17A9271EAE9F001B4186 /* brisas.png */ = {isa = PBXFileReference; lastKnownFileType = image.png; path = brisas.png; sourceTree = "<group>"; };
		C21F17AD271EAF6B001B4186 /* acompa2.jpeg */ = {isa = PBXFileReference; lastKnownFileType = image.jpeg; path = acompa2.jpeg; sourceTree = "<group>"; };
		C21F17B1271EAF70001B4186 /* holis2.jpeg */ = {isa = PBXFileReference; lastKnownFileType = image.jpeg; path = holis2.jpeg; sourceTree = "<group>"; };
		C21F17B5271EB0D6001B4186 /* reporte2.png */ = {isa = PBXFileReference; lastKnownFileType = image.png; path = reporte2.png; sourceTree = "<group>"; };
		C25EF30227091B400046EA18 /* ToolBarPickerViewUtility.swift */ = {isa = PBXFileReference; lastKnownFileType = sourcecode.swift; path = ToolBarPickerViewUtility.swift; sourceTree = "<group>"; };
		C25EF306270980E50046EA18 /* encuadre_header.png */ = {isa = PBXFileReference; lastKnownFileType = image.png; path = encuadre_header.png; sourceTree = "<group>"; };
		C25EF30A270982AF0046EA18 /* seguimiento_header.png */ = {isa = PBXFileReference; lastKnownFileType = image.png; path = seguimiento_header.png; sourceTree = "<group>"; };
		C26378CA2703B68800900453 /* mis_sesiones.png */ = {isa = PBXFileReference; lastKnownFileType = image.png; path = mis_sesiones.png; sourceTree = "<group>"; };
		C26378CB2703B68900900453 /* mis_usuarios.jpeg */ = {isa = PBXFileReference; lastKnownFileType = image.jpeg; path = mis_usuarios.jpeg; sourceTree = "<group>"; };
		C26378CC2703B68A00900453 /* indicadores.png */ = {isa = PBXFileReference; lastKnownFileType = image.png; path = indicadores.png; sourceTree = "<group>"; };
		C26378D02703B69400900453 /* reportes.png */ = {isa = PBXFileReference; lastKnownFileType = image.png; path = reportes.png; sourceTree = "<group>"; };
		C26378D22703C41500900453 /* cetacUserController.swift */ = {isa = PBXFileReference; lastKnownFileType = sourcecode.swift; path = cetacUserController.swift; sourceTree = "<group>"; };
		C26378D42704B0B400900453 /* Usuario.swift */ = {isa = PBXFileReference; lastKnownFileType = sourcecode.swift; path = Usuario.swift; sourceTree = "<group>"; };
		C27285D82712655700F6524A /* AddCetacUserTest.swift */ = {isa = PBXFileReference; lastKnownFileType = sourcecode.swift; path = AddCetacUserTest.swift; sourceTree = "<group>"; };
		C27285DB2712673300F6524A /* GetCetacUserInfoTest.swift */ = {isa = PBXFileReference; lastKnownFileType = sourcecode.swift; path = GetCetacUserInfoTest.swift; sourceTree = "<group>"; };
		C274AFB2270235A3003DC50F /* GoogleService-Info.plist */ = {isa = PBXFileReference; fileEncoding = 4; lastKnownFileType = text.plist.xml; path = "GoogleService-Info.plist"; sourceTree = "<group>"; };
		C274AFD127023907003DC50F /* loginBackground.png */ = {isa = PBXFileReference; lastKnownFileType = image.png; path = loginBackground.png; sourceTree = "<group>"; };
		C274AFD827024087003DC50F /* signupBackground.jpeg */ = {isa = PBXFileReference; lastKnownFileType = image.jpeg; path = signupBackground.jpeg; sourceTree = "<group>"; };
		C274AFDD27026129003DC50F /* LoginiViewController.swift */ = {isa = PBXFileReference; lastKnownFileType = sourcecode.swift; path = LoginiViewController.swift; sourceTree = "<group>"; };
		C274AFE02702614B003DC50F /* SignupViewController.swift */ = {isa = PBXFileReference; lastKnownFileType = sourcecode.swift; path = SignupViewController.swift; sourceTree = "<group>"; };
		C274AFE327026185003DC50F /* HomeGestionCETACViewController.swift */ = {isa = PBXFileReference; lastKnownFileType = sourcecode.swift; path = HomeGestionCETACViewController.swift; sourceTree = "<group>"; };
		C274AFE72702622D003DC50F /* cetacUser.swift */ = {isa = PBXFileReference; lastKnownFileType = sourcecode.swift; path = cetacUser.swift; sourceTree = "<group>"; };
		C2761D8827073C3F000C65A2 /* UsuarioCollectionViewCell.swift */ = {isa = PBXFileReference; lastKnownFileType = sourcecode.swift; path = UsuarioCollectionViewCell.swift; sourceTree = "<group>"; };
		C2761D8A27073EAD000C65A2 /* Icons */ = {isa = PBXFileReference; lastKnownFileType = folder; path = Icons; sourceTree = "<group>"; };
		C2761D8E2707A62A000C65A2 /* MisUsuariosCollectionViewController.swift */ = {isa = PBXFileReference; lastKnownFileType = sourcecode.swift; path = MisUsuariosCollectionViewController.swift; sourceTree = "<group>"; };
		C2AEE9BB270A8255004FD450 /* InformacionUsuarioViewController.swift */ = {isa = PBXFileReference; lastKnownFileType = sourcecode.swift; path = InformacionUsuarioViewController.swift; sourceTree = "<group>"; };
		C2BF29F42704E63800621763 /* usuarioController.swift */ = {isa = PBXFileReference; lastKnownFileType = sourcecode.swift; path = usuarioController.swift; sourceTree = "<group>"; };
		C2BF29F62705069B00621763 /* EncuadreViewController.swift */ = {isa = PBXFileReference; lastKnownFileType = sourcecode.swift; path = EncuadreViewController.swift; sourceTree = "<group>"; };
		C2C870E926FD0823008E77C2 /* gus.storyboard */ = {isa = PBXFileReference; lastKnownFileType = file.storyboard; path = gus.storyboard; sourceTree = "<group>"; };
		C2C870EB26FD0837008E77C2 /* diogenes.storyboard */ = {isa = PBXFileReference; lastKnownFileType = file.storyboard; path = diogenes.storyboard; sourceTree = "<group>"; };
		C2C870ED26FD0844008E77C2 /* amm.storyboard */ = {isa = PBXFileReference; lastKnownFileType = file.storyboard; path = amm.storyboard; sourceTree = "<group>"; };
		C2C99E6B26FE4E10008FBDF1 /* vision.jpeg */ = {isa = PBXFileReference; lastKnownFileType = image.jpeg; path = vision.jpeg; sourceTree = "<group>"; };
		C2C99E6C26FE4E10008FBDF1 /* inicio1.png */ = {isa = PBXFileReference; lastKnownFileType = image.png; path = inicio1.png; sourceTree = "<group>"; };
		C2C99E6D26FE4E10008FBDF1 /* mision.jpeg */ = {isa = PBXFileReference; lastKnownFileType = image.jpeg; path = mision.jpeg; sourceTree = "<group>"; };
		C2C99E6E26FE4E10008FBDF1 /* inicio2.png */ = {isa = PBXFileReference; lastKnownFileType = image.png; path = inicio2.png; sourceTree = "<group>"; };
		C2C99E6F26FE4E11008FBDF1 /* valores.jpeg */ = {isa = PBXFileReference; lastKnownFileType = image.jpeg; path = valores.jpeg; sourceTree = "<group>"; };
		C2C99E7126FE4E11008FBDF1 /* acompanamiento.png */ = {isa = PBXFileReference; lastKnownFileType = image.png; path = acompanamiento.png; sourceTree = "<group>"; };
		C2C99E7226FE4E11008FBDF1 /* holisticos.jpeg */ = {isa = PBXFileReference; lastKnownFileType = image.jpeg; path = holisticos.jpeg; sourceTree = "<group>"; };
		C2C99E7326FE4E11008FBDF1 /* objetivos.jpeg */ = {isa = PBXFileReference; lastKnownFileType = image.jpeg; path = objetivos.jpeg; sourceTree = "<group>"; };
		C2C99E8126FE5A0E008FBDF1 /* alternativos.jpeg */ = {isa = PBXFileReference; lastKnownFileType = image.jpeg; path = alternativos.jpeg; sourceTree = "<group>"; };
		C2E97684270E858D001C5E44 /* ReporteCollectionViewCell.swift */ = {isa = PBXFileReference; lastKnownFileType = sourcecode.swift; path = ReporteCollectionViewCell.swift; sourceTree = "<group>"; };
		C2E97686270E8706001C5E44 /* MisReportesCollectionViewController.swift */ = {isa = PBXFileReference; lastKnownFileType = sourcecode.swift; path = MisReportesCollectionViewController.swift; sourceTree = "<group>"; };
		C2FDAD9F27122A9300DB7F19 /* Tests.xctest */ = {isa = PBXFileReference; explicitFileType = wrapper.cfbundle; includeInIndex = 0; path = Tests.xctest; sourceTree = BUILT_PRODUCTS_DIR; };
		C2FDADA827122AC100DB7F19 /* ValidatePasswordTest.swift */ = {isa = PBXFileReference; lastKnownFileType = sourcecode.swift; path = ValidatePasswordTest.swift; sourceTree = "<group>"; };
		C2FDADAA2712339900DB7F19 /* ValidateEmailTest.swift */ = {isa = PBXFileReference; lastKnownFileType = sourcecode.swift; path = ValidateEmailTest.swift; sourceTree = "<group>"; };
		C2FDADAC2712350700DB7F19 /* ValidateLogInTest.swift */ = {isa = PBXFileReference; lastKnownFileType = sourcecode.swift; path = ValidateLogInTest.swift; sourceTree = "<group>"; };
		C2FDADAE27123DAC00DB7F19 /* ValidateSignUpTest.swift */ = {isa = PBXFileReference; lastKnownFileType = sourcecode.swift; path = ValidateSignUpTest.swift; sourceTree = "<group>"; };
		EA9EA45026FBE33C00B5B565 /* GestionCETAC.app */ = {isa = PBXFileReference; explicitFileType = wrapper.application; includeInIndex = 0; path = GestionCETAC.app; sourceTree = BUILT_PRODUCTS_DIR; };
		EA9EA45326FBE33C00B5B565 /* AppDelegate.swift */ = {isa = PBXFileReference; lastKnownFileType = sourcecode.swift; path = AppDelegate.swift; sourceTree = "<group>"; };
		EA9EA45526FBE33C00B5B565 /* SceneDelegate.swift */ = {isa = PBXFileReference; lastKnownFileType = sourcecode.swift; path = SceneDelegate.swift; sourceTree = "<group>"; };
		EA9EA45726FBE33C00B5B565 /* ViewController.swift */ = {isa = PBXFileReference; lastKnownFileType = sourcecode.swift; path = ViewController.swift; sourceTree = "<group>"; };
		EA9EA45A26FBE33C00B5B565 /* Base */ = {isa = PBXFileReference; lastKnownFileType = file.storyboard; name = Base; path = Base.lproj/Main.storyboard; sourceTree = "<group>"; };
		EA9EA45C26FBE34600B5B565 /* Assets.xcassets */ = {isa = PBXFileReference; lastKnownFileType = folder.assetcatalog; path = Assets.xcassets; sourceTree = "<group>"; };
		EA9EA45F26FBE34600B5B565 /* Base */ = {isa = PBXFileReference; lastKnownFileType = file.storyboard; name = Base; path = Base.lproj/LaunchScreen.storyboard; sourceTree = "<group>"; };
		EA9EA46126FBE34600B5B565 /* Info.plist */ = {isa = PBXFileReference; lastKnownFileType = text.plist.xml; path = Info.plist; sourceTree = "<group>"; };
		F7A2E3CBEFAFAC09D3CE4643 /* Pods-GestionCETAC.debug.xcconfig */ = {isa = PBXFileReference; includeInIndex = 1; lastKnownFileType = text.xcconfig; name = "Pods-GestionCETAC.debug.xcconfig"; path = "Target Support Files/Pods-GestionCETAC/Pods-GestionCETAC.debug.xcconfig"; sourceTree = "<group>"; };
/* End PBXFileReference section */

/* Begin PBXFrameworksBuildPhase section */
		C2FDAD9C27122A9300DB7F19 /* Frameworks */ = {
			isa = PBXFrameworksBuildPhase;
			buildActionMask = 2147483647;
			files = (
			);
			runOnlyForDeploymentPostprocessing = 0;
		};
		EA9EA44D26FBE33C00B5B565 /* Frameworks */ = {
			isa = PBXFrameworksBuildPhase;
			buildActionMask = 2147483647;
			files = (
				D00CBCE49F871D8F76C8C121 /* Pods_GestionCETAC.framework in Frameworks */,
			);
			runOnlyForDeploymentPostprocessing = 0;
		};
/* End PBXFrameworksBuildPhase section */

/* Begin PBXGroup section */
		C25EF30127091B160046EA18 /* Utilities */ = {
			isa = PBXGroup;
			children = (
				C25EF30227091B400046EA18 /* ToolBarPickerViewUtility.swift */,
			);
			path = Utilities;
			sourceTree = "<group>";
		};
		C274AFDC27026104003DC50F /* Controllers */ = {
			isa = PBXGroup;
			children = (
				C274AFDD27026129003DC50F /* LoginiViewController.swift */,
				C274AFE02702614B003DC50F /* SignupViewController.swift */,
				C274AFE327026185003DC50F /* HomeGestionCETACViewController.swift */,
				C2BF29F62705069B00621763 /* EncuadreViewController.swift */,
				C2761D8827073C3F000C65A2 /* UsuarioCollectionViewCell.swift */,
				C2761D8E2707A62A000C65A2 /* MisUsuariosCollectionViewController.swift */,
				C2AEE9BB270A8255004FD450 /* InformacionUsuarioViewController.swift */,
				800EB1BF270BD62000315934 /* SesionInfoCollectionViewCell.swift */,
				800EB1C2270BD7D700315934 /* MisSesionesCollectionViewController.swift */,
				80BF227D270D1F270049BAAB /* SeguimientoSesionViewController.swift */,
				79B981D9270E5206003085C6 /* ReportesInfoViewController.swift */,
				C2E97684270E858D001C5E44 /* ReporteCollectionViewCell.swift */,
				C2E97686270E8706001C5E44 /* MisReportesCollectionViewController.swift */,
				C21F162A27174833001B4186 /* FiltroSesionCollectionViewCell.swift */,
				C21F162E27174FA7001B4186 /* FiltroSesionesViewController.swift */,
				79964540271AC9C200F30ED4 /* pieViewController.swift */,
				C21F174C271CC1F0001B4186 /* CetacIndicadoresViewController.swift */,
				C21F1799271E4412001B4186 /* SesionIndicadoresViewController.swift */,
			);
			path = Controllers;
			sourceTree = "<group>";
		};
		C274AFE6270261FA003DC50F /* Models */ = {
			isa = PBXGroup;
			children = (
				C274AFE72702622D003DC50F /* cetacUser.swift */,
				C26378D22703C41500900453 /* cetacUserController.swift */,
				C26378D42704B0B400900453 /* Usuario.swift */,
				80C7529F2707CFDC00BABE56 /* Sesion.swift */,
				C2BF29F42704E63800621763 /* usuarioController.swift */,
				80C752A22707E18000BABE56 /* sesionController.swift */,
			);
			path = Models;
			sourceTree = "<group>";
		};
		C2C870E826FD07A3008E77C2 /* Storyboards */ = {
			isa = PBXGroup;
			children = (
				EA9EA45926FBE33C00B5B565 /* Main.storyboard */,
				EA9EA45E26FBE34600B5B565 /* LaunchScreen.storyboard */,
				C2C870E926FD0823008E77C2 /* gus.storyboard */,
				C2C870EB26FD0837008E77C2 /* diogenes.storyboard */,
				C2C870ED26FD0844008E77C2 /* amm.storyboard */,
			);
			path = Storyboards;
			sourceTree = "<group>";
		};
		C2C99E6A26FE4DDC008FBDF1 /* Images */ = {
			isa = PBXGroup;
			children = (
				C21F17A2271EAD89001B4186 /* Acompa_grupal.png */,
				C21F17A3271EAD8A001B4186 /* Acompa_individual.png */,
				C21F17A1271EAD88001B4186 /* Cama_termica.jpeg */,
				C2761D8A27073EAD000C65A2 /* Icons */,
				796B783E271E31AF004E740F /* aromaterapia y musicoterapia.jpg */,
				C21F17A9271EAE9F001B4186 /* brisas.png */,
				796B783D271E31AF004E740F /* biomagnetismo.jpg */,
				796B783A271E31AE004E740F /* cristales.jpg */,
				796B783B271E31AE004E740F /* Reiki.jpg */,
				796B7836271E2EC7004E740F /* Logoterapia.png */,
				796B7837271E2EC8004E740F /* Mindfulness.png */,
				796B7833271E2EC7004E740F /* Tanatologia.jpg */,
				C26378CC2703B68A00900453 /* indicadores.png */,
				C26378CA2703B68800900453 /* mis_sesiones.png */,
				C26378CB2703B68900900453 /* mis_usuarios.jpeg */,
				C21F17B5271EB0D6001B4186 /* reporte2.png */,
				C2C99E8126FE5A0E008FBDF1 /* alternativos.jpeg */,
				C2C99E7126FE4E11008FBDF1 /* acompanamiento.png */,
				C25EF30A270982AF0046EA18 /* seguimiento_header.png */,
				C2C99E7226FE4E11008FBDF1 /* holisticos.jpeg */,
				C26378D02703B69400900453 /* reportes.png */,
				C2C99E6C26FE4E10008FBDF1 /* inicio1.png */,
				C2C99E6E26FE4E10008FBDF1 /* inicio2.png */,
				C25EF306270980E50046EA18 /* encuadre_header.png */,
				C2C99E6D26FE4E10008FBDF1 /* mision.jpeg */,
				C2C99E7326FE4E11008FBDF1 /* objetivos.jpeg */,
				C2C99E6F26FE4E11008FBDF1 /* valores.jpeg */,
				C21F17B1271EAF70001B4186 /* holis2.jpeg */,
				C2C99E6B26FE4E10008FBDF1 /* vision.jpeg */,
				C21F17AD271EAF6B001B4186 /* acompa2.jpeg */,
				C274AFD127023907003DC50F /* loginBackground.png */,
				C274AFD827024087003DC50F /* signupBackground.jpeg */,
			);
			path = Images;
			sourceTree = "<group>";
		};
		C2FDADA027122A9300DB7F19 /* Tests */ = {
			isa = PBXGroup;
			children = (
				C2FDADA827122AC100DB7F19 /* ValidatePasswordTest.swift */,
				C2FDADAA2712339900DB7F19 /* ValidateEmailTest.swift */,
				C2FDADAC2712350700DB7F19 /* ValidateLogInTest.swift */,
				C2FDADAE27123DAC00DB7F19 /* ValidateSignUpTest.swift */,
				C27285D82712655700F6524A /* AddCetacUserTest.swift */,
				C27285DB2712673300F6524A /* GetCetacUserInfoTest.swift */,
			);
			path = Tests;
			sourceTree = "<group>";
		};
		C52AA123230A8B6799B2E5DB /* Frameworks */ = {
			isa = PBXGroup;
			children = (
				15904D38180C0302EF049C30 /* Pods_GestionCETAC.framework */,
			);
			name = Frameworks;
			sourceTree = "<group>";
		};
		E44B2443FC6CE32860AC1E53 /* Pods */ = {
			isa = PBXGroup;
			children = (
				F7A2E3CBEFAFAC09D3CE4643 /* Pods-GestionCETAC.debug.xcconfig */,
				29C1238AFAE8C2D6EE94FCA1 /* Pods-GestionCETAC.release.xcconfig */,
			);
			path = Pods;
			sourceTree = "<group>";
		};
		EA9EA44726FBE33C00B5B565 = {
			isa = PBXGroup;
			children = (
				EA9EA45226FBE33C00B5B565 /* GestionCETAC */,
				C2FDADA027122A9300DB7F19 /* Tests */,
				EA9EA45126FBE33C00B5B565 /* Products */,
				E44B2443FC6CE32860AC1E53 /* Pods */,
				C52AA123230A8B6799B2E5DB /* Frameworks */,
			);
			sourceTree = "<group>";
		};
		EA9EA45126FBE33C00B5B565 /* Products */ = {
			isa = PBXGroup;
			children = (
				EA9EA45026FBE33C00B5B565 /* GestionCETAC.app */,
				C2FDAD9F27122A9300DB7F19 /* Tests.xctest */,
			);
			name = Products;
			sourceTree = "<group>";
		};
		EA9EA45226FBE33C00B5B565 /* GestionCETAC */ = {
			isa = PBXGroup;
			children = (
				C25EF30127091B160046EA18 /* Utilities */,
				C274AFE6270261FA003DC50F /* Models */,
				C274AFDC27026104003DC50F /* Controllers */,
				C2C99E6A26FE4DDC008FBDF1 /* Images */,
				C2C870E826FD07A3008E77C2 /* Storyboards */,
				EA9EA45326FBE33C00B5B565 /* AppDelegate.swift */,
				EA9EA45526FBE33C00B5B565 /* SceneDelegate.swift */,
				EA9EA45726FBE33C00B5B565 /* ViewController.swift */,
				EA9EA45C26FBE34600B5B565 /* Assets.xcassets */,
				796B783F271E32B6004E740F /* carpeta sin título */,
				EA9EA46126FBE34600B5B565 /* Info.plist */,
				C274AFB2270235A3003DC50F /* GoogleService-Info.plist */,
			);
			path = GestionCETAC;
			sourceTree = "<group>";
		};
/* End PBXGroup section */

/* Begin PBXNativeTarget section */
		C2FDAD9E27122A9300DB7F19 /* Tests */ = {
			isa = PBXNativeTarget;
			buildConfigurationList = C2FDADA727122A9300DB7F19 /* Build configuration list for PBXNativeTarget "Tests" */;
			buildPhases = (
				C2FDAD9B27122A9300DB7F19 /* Sources */,
				C2FDAD9C27122A9300DB7F19 /* Frameworks */,
				C2FDAD9D27122A9300DB7F19 /* Resources */,
			);
			buildRules = (
			);
			dependencies = (
				C2FDADA427122A9300DB7F19 /* PBXTargetDependency */,
			);
			name = Tests;
			productName = Tests;
			productReference = C2FDAD9F27122A9300DB7F19 /* Tests.xctest */;
			productType = "com.apple.product-type.bundle.unit-test";
		};
		EA9EA44F26FBE33C00B5B565 /* GestionCETAC */ = {
			isa = PBXNativeTarget;
			buildConfigurationList = EA9EA46426FBE34600B5B565 /* Build configuration list for PBXNativeTarget "GestionCETAC" */;
			buildPhases = (
				B896C31396D399D6A7523DE7 /* [CP] Check Pods Manifest.lock */,
				EA9EA44C26FBE33C00B5B565 /* Sources */,
				EA9EA44D26FBE33C00B5B565 /* Frameworks */,
				EA9EA44E26FBE33C00B5B565 /* Resources */,
				48985FBE409125BA985B8F82 /* [CP] Embed Pods Frameworks */,
			);
			buildRules = (
			);
			dependencies = (
			);
			name = GestionCETAC;
			productName = GestionCETAC;
			productReference = EA9EA45026FBE33C00B5B565 /* GestionCETAC.app */;
			productType = "com.apple.product-type.application";
		};
/* End PBXNativeTarget section */

/* Begin PBXProject section */
		EA9EA44826FBE33C00B5B565 /* Project object */ = {
			isa = PBXProject;
			attributes = {
				LastSwiftUpdateCheck = 1300;
				LastUpgradeCheck = 1240;
				TargetAttributes = {
					C2FDAD9E27122A9300DB7F19 = {
						CreatedOnToolsVersion = 13.0;
						TestTargetID = EA9EA44F26FBE33C00B5B565;
					};
					EA9EA44F26FBE33C00B5B565 = {
						CreatedOnToolsVersion = 12.4;
					};
				};
			};
			buildConfigurationList = EA9EA44B26FBE33C00B5B565 /* Build configuration list for PBXProject "GestionCETAC" */;
			compatibilityVersion = "Xcode 9.3";
			developmentRegion = en;
			hasScannedForEncodings = 0;
			knownRegions = (
				en,
				Base,
			);
			mainGroup = EA9EA44726FBE33C00B5B565;
			productRefGroup = EA9EA45126FBE33C00B5B565 /* Products */;
			projectDirPath = "";
			projectRoot = "";
			targets = (
				EA9EA44F26FBE33C00B5B565 /* GestionCETAC */,
				C2FDAD9E27122A9300DB7F19 /* Tests */,
			);
		};
/* End PBXProject section */

/* Begin PBXResourcesBuildPhase section */
		C2FDAD9D27122A9300DB7F19 /* Resources */ = {
			isa = PBXResourcesBuildPhase;
			buildActionMask = 2147483647;
			files = (
			);
			runOnlyForDeploymentPostprocessing = 0;
		};
		EA9EA44E26FBE33C00B5B565 /* Resources */ = {
			isa = PBXResourcesBuildPhase;
			buildActionMask = 2147483647;
			files = (
				C2C99E7B26FE4E11008FBDF1 /* holisticos.jpeg in Resources */,
				C21F17A4271EAD8B001B4186 /* Cama_termica.jpeg in Resources */,
				C274AFD927024087003DC50F /* signupBackground.jpeg in Resources */,
				C2C99E8226FE5A0E008FBDF1 /* alternativos.jpeg in Resources */,
				C21F17B6271EB0D6001B4186 /* reporte2.png in Resources */,
				C2C99E7826FE4E11008FBDF1 /* valores.jpeg in Resources */,
				C2C99E7A26FE4E11008FBDF1 /* acompanamiento.png in Resources */,
				C2761D8B27073EAD000C65A2 /* Icons in Resources */,
				C21F17A6271EAD8B001B4186 /* Acompa_individual.png in Resources */,
				C26378CF2703B68A00900453 /* indicadores.png in Resources */,
				EA9EA46026FBE34600B5B565 /* LaunchScreen.storyboard in Resources */,
				C25EF30B270982AF0046EA18 /* seguimiento_header.png in Resources */,
				C21F17AA271EAEA0001B4186 /* brisas.png in Resources */,
				C2C870EA26FD0823008E77C2 /* gus.storyboard in Resources */,
				C21F17A5271EAD8B001B4186 /* Acompa_grupal.png in Resources */,
				C21F17AE271EAF6B001B4186 /* acompa2.jpeg in Resources */,
				C2C99E7626FE4E11008FBDF1 /* mision.jpeg in Resources */,
				C21F17B2271EAF70001B4186 /* holis2.jpeg in Resources */,
				C26378D12703B69400900453 /* reportes.png in Resources */,
				C2C99E7C26FE4E11008FBDF1 /* objetivos.jpeg in Resources */,
				EA9EA45D26FBE34600B5B565 /* Assets.xcassets in Resources */,
				C274AFB3270235A3003DC50F /* GoogleService-Info.plist in Resources */,
				C2C870EC26FD0837008E77C2 /* diogenes.storyboard in Resources */,
				C26378CE2703B68A00900453 /* mis_usuarios.jpeg in Resources */,
				C2C870EE26FD0844008E77C2 /* amm.storyboard in Resources */,
				EA9EA45B26FBE33C00B5B565 /* Main.storyboard in Resources */,
				796B7840271E32B6004E740F /* carpeta sin título in Resources */,
				C274AFD227023907003DC50F /* loginBackground.png in Resources */,
				C2C99E7726FE4E11008FBDF1 /* inicio2.png in Resources */,
				C26378CD2703B68A00900453 /* mis_sesiones.png in Resources */,
				C25EF308270980EA0046EA18 /* encuadre_header.png in Resources */,
				C2C99E7526FE4E11008FBDF1 /* inicio1.png in Resources */,
				C2C99E7426FE4E11008FBDF1 /* vision.jpeg in Resources */,
			);
			runOnlyForDeploymentPostprocessing = 0;
		};
/* End PBXResourcesBuildPhase section */

/* Begin PBXShellScriptBuildPhase section */
		48985FBE409125BA985B8F82 /* [CP] Embed Pods Frameworks */ = {
			isa = PBXShellScriptBuildPhase;
			buildActionMask = 2147483647;
			files = (
			);
			inputFileListPaths = (
				"${PODS_ROOT}/Target Support Files/Pods-GestionCETAC/Pods-GestionCETAC-frameworks-${CONFIGURATION}-input-files.xcfilelist",
			);
			name = "[CP] Embed Pods Frameworks";
			outputFileListPaths = (
				"${PODS_ROOT}/Target Support Files/Pods-GestionCETAC/Pods-GestionCETAC-frameworks-${CONFIGURATION}-output-files.xcfilelist",
			);
			runOnlyForDeploymentPostprocessing = 0;
			shellPath = /bin/sh;
			shellScript = "\"${PODS_ROOT}/Target Support Files/Pods-GestionCETAC/Pods-GestionCETAC-frameworks.sh\"\n";
			showEnvVarsInLog = 0;
		};
		B896C31396D399D6A7523DE7 /* [CP] Check Pods Manifest.lock */ = {
			isa = PBXShellScriptBuildPhase;
			buildActionMask = 2147483647;
			files = (
			);
			inputFileListPaths = (
			);
			inputPaths = (
				"${PODS_PODFILE_DIR_PATH}/Podfile.lock",
				"${PODS_ROOT}/Manifest.lock",
			);
			name = "[CP] Check Pods Manifest.lock";
			outputFileListPaths = (
			);
			outputPaths = (
				"$(DERIVED_FILE_DIR)/Pods-GestionCETAC-checkManifestLockResult.txt",
			);
			runOnlyForDeploymentPostprocessing = 0;
			shellPath = /bin/sh;
			shellScript = "diff \"${PODS_PODFILE_DIR_PATH}/Podfile.lock\" \"${PODS_ROOT}/Manifest.lock\" > /dev/null\nif [ $? != 0 ] ; then\n    # print error to STDERR\n    echo \"error: The sandbox is not in sync with the Podfile.lock. Run 'pod install' or update your CocoaPods installation.\" >&2\n    exit 1\nfi\n# This output is used by Xcode 'outputs' to avoid re-running this script phase.\necho \"SUCCESS\" > \"${SCRIPT_OUTPUT_FILE_0}\"\n";
			showEnvVarsInLog = 0;
		};
/* End PBXShellScriptBuildPhase section */

/* Begin PBXSourcesBuildPhase section */
		C2FDAD9B27122A9300DB7F19 /* Sources */ = {
			isa = PBXSourcesBuildPhase;
			buildActionMask = 2147483647;
			files = (
				C2FDADA927122AC100DB7F19 /* ValidatePasswordTest.swift in Sources */,
				C2FDADAD2712350700DB7F19 /* ValidateLogInTest.swift in Sources */,
				C2FDADAF27123DAC00DB7F19 /* ValidateSignUpTest.swift in Sources */,
				C27285D92712655700F6524A /* AddCetacUserTest.swift in Sources */,
				C27285DC2712673300F6524A /* GetCetacUserInfoTest.swift in Sources */,
				C2FDADAB2712339A00DB7F19 /* ValidateEmailTest.swift in Sources */,
			);
			runOnlyForDeploymentPostprocessing = 0;
		};
		EA9EA44C26FBE33C00B5B565 /* Sources */ = {
			isa = PBXSourcesBuildPhase;
			buildActionMask = 2147483647;
			files = (
				C2761D8F2707A62A000C65A2 /* MisUsuariosCollectionViewController.swift in Sources */,
				EA9EA45826FBE33C00B5B565 /* ViewController.swift in Sources */,
				C2BF29F72705069B00621763 /* EncuadreViewController.swift in Sources */,
				EA9EA45426FBE33C00B5B565 /* AppDelegate.swift in Sources */,
				C2E97687270E8706001C5E44 /* MisReportesCollectionViewController.swift in Sources */,
				C21F179A271E4412001B4186 /* SesionIndicadoresViewController.swift in Sources */,
				C274AFE427026185003DC50F /* HomeGestionCETACViewController.swift in Sources */,
				C2AEE9BC270A8255004FD450 /* InformacionUsuarioViewController.swift in Sources */,
				C274AFE12702614B003DC50F /* SignupViewController.swift in Sources */,
				C2E97685270E858D001C5E44 /* ReporteCollectionViewCell.swift in Sources */,
				C274AFDE27026129003DC50F /* LoginiViewController.swift in Sources */,
				80C752A02707CFDC00BABE56 /* Sesion.swift in Sources */,
				C21F162F27174FA7001B4186 /* FiltroSesionesViewController.swift in Sources */,
				C26378D52704B0B400900453 /* Usuario.swift in Sources */,
				800EB1C0270BD62000315934 /* SesionInfoCollectionViewCell.swift in Sources */,
				C274AFE82702622D003DC50F /* cetacUser.swift in Sources */,
				C25EF30327091B400046EA18 /* ToolBarPickerViewUtility.swift in Sources */,
				80BF227E270D1F270049BAAB /* SeguimientoSesionViewController.swift in Sources */,
				EA9EA45626FBE33C00B5B565 /* SceneDelegate.swift in Sources */,
				80C752A32707E18000BABE56 /* sesionController.swift in Sources */,
				C2BF29F52704E63800621763 /* usuarioController.swift in Sources */,
				79B981DA270E5206003085C6 /* ReportesInfoViewController.swift in Sources */,
				79964541271AC9C200F30ED4 /* pieViewController.swift in Sources */,
				800EB1C3270BD7D700315934 /* MisSesionesCollectionViewController.swift in Sources */,
				C2761D8927073C3F000C65A2 /* UsuarioCollectionViewCell.swift in Sources */,
				C26378D32703C41500900453 /* cetacUserController.swift in Sources */,
				C21F174D271CC1F0001B4186 /* CetacIndicadoresViewController.swift in Sources */,
				C21F162B27174833001B4186 /* FiltroSesionCollectionViewCell.swift in Sources */,
			);
			runOnlyForDeploymentPostprocessing = 0;
		};
/* End PBXSourcesBuildPhase section */

/* Begin PBXTargetDependency section */
		C2FDADA427122A9300DB7F19 /* PBXTargetDependency */ = {
			isa = PBXTargetDependency;
			target = EA9EA44F26FBE33C00B5B565 /* GestionCETAC */;
			targetProxy = C2FDADA327122A9300DB7F19 /* PBXContainerItemProxy */;
		};
/* End PBXTargetDependency section */

/* Begin PBXVariantGroup section */
		EA9EA45926FBE33C00B5B565 /* Main.storyboard */ = {
			isa = PBXVariantGroup;
			children = (
				EA9EA45A26FBE33C00B5B565 /* Base */,
			);
			name = Main.storyboard;
			sourceTree = "<group>";
		};
		EA9EA45E26FBE34600B5B565 /* LaunchScreen.storyboard */ = {
			isa = PBXVariantGroup;
			children = (
				EA9EA45F26FBE34600B5B565 /* Base */,
			);
			name = LaunchScreen.storyboard;
			sourceTree = "<group>";
		};
/* End PBXVariantGroup section */

/* Begin XCBuildConfiguration section */
		C2FDADA527122A9300DB7F19 /* Debug */ = {
			isa = XCBuildConfiguration;
			buildSettings = {
				BUNDLE_LOADER = "$(TEST_HOST)";
				CLANG_CXX_LANGUAGE_STANDARD = "gnu++17";
				CODE_SIGN_STYLE = Automatic;
				CURRENT_PROJECT_VERSION = 1;
				GENERATE_INFOPLIST_FILE = YES;
				HEADER_SEARCH_PATHS = "${SRCROOT}/Pods/Firebase/CoreOnly/Sources";
				IPHONEOS_DEPLOYMENT_TARGET = 15.0;
				LD_RUNPATH_SEARCH_PATHS = (
					"$(inherited)",
					"@executable_path/Frameworks",
					"@loader_path/Frameworks",
				);
				MARKETING_VERSION = 1.0;
				PRODUCT_BUNDLE_IDENTIFIER = mx.itesm.A251150126.Tests;
				PRODUCT_NAME = "$(TARGET_NAME)";
				SWIFT_EMIT_LOC_STRINGS = NO;
				SWIFT_VERSION = 5.0;
				TARGETED_DEVICE_FAMILY = "1,2";
				TEST_HOST = "$(BUILT_PRODUCTS_DIR)/GestionCETAC.app/GestionCETAC";
			};
			name = Debug;
		};
		C2FDADA627122A9300DB7F19 /* Release */ = {
			isa = XCBuildConfiguration;
			buildSettings = {
				BUNDLE_LOADER = "$(TEST_HOST)";
				CLANG_CXX_LANGUAGE_STANDARD = "gnu++17";
				CODE_SIGN_STYLE = Automatic;
				CURRENT_PROJECT_VERSION = 1;
				GENERATE_INFOPLIST_FILE = YES;
				HEADER_SEARCH_PATHS = "${SRCROOT}/Pods/Firebase/CoreOnly/Sources";
				IPHONEOS_DEPLOYMENT_TARGET = 15.0;
				LD_RUNPATH_SEARCH_PATHS = (
					"$(inherited)",
					"@executable_path/Frameworks",
					"@loader_path/Frameworks",
				);
				MARKETING_VERSION = 1.0;
				PRODUCT_BUNDLE_IDENTIFIER = mx.itesm.A251150126.Tests;
				PRODUCT_NAME = "$(TARGET_NAME)";
				SWIFT_EMIT_LOC_STRINGS = NO;
				SWIFT_VERSION = 5.0;
				TARGETED_DEVICE_FAMILY = "1,2";
				TEST_HOST = "$(BUILT_PRODUCTS_DIR)/GestionCETAC.app/GestionCETAC";
			};
			name = Release;
		};
		EA9EA46226FBE34600B5B565 /* Debug */ = {
			isa = XCBuildConfiguration;
			buildSettings = {
				ALWAYS_SEARCH_USER_PATHS = NO;
				CLANG_ANALYZER_NONNULL = YES;
				CLANG_ANALYZER_NUMBER_OBJECT_CONVERSION = YES_AGGRESSIVE;
				CLANG_CXX_LANGUAGE_STANDARD = "gnu++14";
				CLANG_CXX_LIBRARY = "libc++";
				CLANG_ENABLE_MODULES = YES;
				CLANG_ENABLE_OBJC_ARC = YES;
				CLANG_ENABLE_OBJC_WEAK = YES;
				CLANG_WARN_BLOCK_CAPTURE_AUTORELEASING = YES;
				CLANG_WARN_BOOL_CONVERSION = YES;
				CLANG_WARN_COMMA = YES;
				CLANG_WARN_CONSTANT_CONVERSION = YES;
				CLANG_WARN_DEPRECATED_OBJC_IMPLEMENTATIONS = YES;
				CLANG_WARN_DIRECT_OBJC_ISA_USAGE = YES_ERROR;
				CLANG_WARN_DOCUMENTATION_COMMENTS = YES;
				CLANG_WARN_EMPTY_BODY = YES;
				CLANG_WARN_ENUM_CONVERSION = YES;
				CLANG_WARN_INFINITE_RECURSION = YES;
				CLANG_WARN_INT_CONVERSION = YES;
				CLANG_WARN_NON_LITERAL_NULL_CONVERSION = YES;
				CLANG_WARN_OBJC_IMPLICIT_RETAIN_SELF = YES;
				CLANG_WARN_OBJC_LITERAL_CONVERSION = YES;
				CLANG_WARN_OBJC_ROOT_CLASS = YES_ERROR;
				CLANG_WARN_QUOTED_INCLUDE_IN_FRAMEWORK_HEADER = YES;
				CLANG_WARN_RANGE_LOOP_ANALYSIS = YES;
				CLANG_WARN_STRICT_PROTOTYPES = YES;
				CLANG_WARN_SUSPICIOUS_MOVE = YES;
				CLANG_WARN_UNGUARDED_AVAILABILITY = YES_AGGRESSIVE;
				CLANG_WARN_UNREACHABLE_CODE = YES;
				CLANG_WARN__DUPLICATE_METHOD_MATCH = YES;
				COPY_PHASE_STRIP = NO;
				DEBUG_INFORMATION_FORMAT = dwarf;
				ENABLE_STRICT_OBJC_MSGSEND = YES;
				ENABLE_TESTABILITY = YES;
				GCC_C_LANGUAGE_STANDARD = gnu11;
				GCC_DYNAMIC_NO_PIC = NO;
				GCC_NO_COMMON_BLOCKS = YES;
				GCC_OPTIMIZATION_LEVEL = 0;
				GCC_PREPROCESSOR_DEFINITIONS = (
					"DEBUG=1",
					"$(inherited)",
				);
				GCC_WARN_64_TO_32_BIT_CONVERSION = YES;
				GCC_WARN_ABOUT_RETURN_TYPE = YES_ERROR;
				GCC_WARN_UNDECLARED_SELECTOR = YES;
				GCC_WARN_UNINITIALIZED_AUTOS = YES_AGGRESSIVE;
				GCC_WARN_UNUSED_FUNCTION = YES;
				GCC_WARN_UNUSED_VARIABLE = YES;
				IPHONEOS_DEPLOYMENT_TARGET = 14.4;
				MTL_ENABLE_DEBUG_INFO = INCLUDE_SOURCE;
				MTL_FAST_MATH = YES;
				ONLY_ACTIVE_ARCH = YES;
				SDKROOT = iphoneos;
				SWIFT_ACTIVE_COMPILATION_CONDITIONS = DEBUG;
				SWIFT_OPTIMIZATION_LEVEL = "-Onone";
			};
			name = Debug;
		};
		EA9EA46326FBE34600B5B565 /* Release */ = {
			isa = XCBuildConfiguration;
			buildSettings = {
				ALWAYS_SEARCH_USER_PATHS = NO;
				CLANG_ANALYZER_NONNULL = YES;
				CLANG_ANALYZER_NUMBER_OBJECT_CONVERSION = YES_AGGRESSIVE;
				CLANG_CXX_LANGUAGE_STANDARD = "gnu++14";
				CLANG_CXX_LIBRARY = "libc++";
				CLANG_ENABLE_MODULES = YES;
				CLANG_ENABLE_OBJC_ARC = YES;
				CLANG_ENABLE_OBJC_WEAK = YES;
				CLANG_WARN_BLOCK_CAPTURE_AUTORELEASING = YES;
				CLANG_WARN_BOOL_CONVERSION = YES;
				CLANG_WARN_COMMA = YES;
				CLANG_WARN_CONSTANT_CONVERSION = YES;
				CLANG_WARN_DEPRECATED_OBJC_IMPLEMENTATIONS = YES;
				CLANG_WARN_DIRECT_OBJC_ISA_USAGE = YES_ERROR;
				CLANG_WARN_DOCUMENTATION_COMMENTS = YES;
				CLANG_WARN_EMPTY_BODY = YES;
				CLANG_WARN_ENUM_CONVERSION = YES;
				CLANG_WARN_INFINITE_RECURSION = YES;
				CLANG_WARN_INT_CONVERSION = YES;
				CLANG_WARN_NON_LITERAL_NULL_CONVERSION = YES;
				CLANG_WARN_OBJC_IMPLICIT_RETAIN_SELF = YES;
				CLANG_WARN_OBJC_LITERAL_CONVERSION = YES;
				CLANG_WARN_OBJC_ROOT_CLASS = YES_ERROR;
				CLANG_WARN_QUOTED_INCLUDE_IN_FRAMEWORK_HEADER = YES;
				CLANG_WARN_RANGE_LOOP_ANALYSIS = YES;
				CLANG_WARN_STRICT_PROTOTYPES = YES;
				CLANG_WARN_SUSPICIOUS_MOVE = YES;
				CLANG_WARN_UNGUARDED_AVAILABILITY = YES_AGGRESSIVE;
				CLANG_WARN_UNREACHABLE_CODE = YES;
				CLANG_WARN__DUPLICATE_METHOD_MATCH = YES;
				COPY_PHASE_STRIP = NO;
				DEBUG_INFORMATION_FORMAT = "dwarf-with-dsym";
				ENABLE_NS_ASSERTIONS = NO;
				ENABLE_STRICT_OBJC_MSGSEND = YES;
				GCC_C_LANGUAGE_STANDARD = gnu11;
				GCC_NO_COMMON_BLOCKS = YES;
				GCC_WARN_64_TO_32_BIT_CONVERSION = YES;
				GCC_WARN_ABOUT_RETURN_TYPE = YES_ERROR;
				GCC_WARN_UNDECLARED_SELECTOR = YES;
				GCC_WARN_UNINITIALIZED_AUTOS = YES_AGGRESSIVE;
				GCC_WARN_UNUSED_FUNCTION = YES;
				GCC_WARN_UNUSED_VARIABLE = YES;
				IPHONEOS_DEPLOYMENT_TARGET = 14.4;
				MTL_ENABLE_DEBUG_INFO = NO;
				MTL_FAST_MATH = YES;
				SDKROOT = iphoneos;
				SWIFT_COMPILATION_MODE = wholemodule;
				SWIFT_OPTIMIZATION_LEVEL = "-O";
				VALIDATE_PRODUCT = YES;
			};
			name = Release;
		};
		EA9EA46526FBE34600B5B565 /* Debug */ = {
			isa = XCBuildConfiguration;
			baseConfigurationReference = F7A2E3CBEFAFAC09D3CE4643 /* Pods-GestionCETAC.debug.xcconfig */;
			buildSettings = {
				ASSETCATALOG_COMPILER_APPICON_NAME = AppIcon;
				ASSETCATALOG_COMPILER_GLOBAL_ACCENT_COLOR_NAME = AccentColor;
				CODE_SIGN_STYLE = Automatic;
				INFOPLIST_FILE = GestionCETAC/Info.plist;
				LD_RUNPATH_SEARCH_PATHS = (
					"$(inherited)",
					"@executable_path/Frameworks",
				);
				PRODUCT_BUNDLE_IDENTIFIER = mx.com.251150126.GestionCETAC;
				PRODUCT_NAME = "$(TARGET_NAME)";
				SWIFT_VERSION = 5.0;
				TARGETED_DEVICE_FAMILY = "1,2";
			};
			name = Debug;
		};
		EA9EA46626FBE34600B5B565 /* Release */ = {
			isa = XCBuildConfiguration;
			baseConfigurationReference = 29C1238AFAE8C2D6EE94FCA1 /* Pods-GestionCETAC.release.xcconfig */;
			buildSettings = {
				ASSETCATALOG_COMPILER_APPICON_NAME = AppIcon;
				ASSETCATALOG_COMPILER_GLOBAL_ACCENT_COLOR_NAME = AccentColor;
				CODE_SIGN_STYLE = Automatic;
				INFOPLIST_FILE = GestionCETAC/Info.plist;
				LD_RUNPATH_SEARCH_PATHS = (
					"$(inherited)",
					"@executable_path/Frameworks",
				);
				PRODUCT_BUNDLE_IDENTIFIER = mx.com.251150126.GestionCETAC;
				PRODUCT_NAME = "$(TARGET_NAME)";
				SWIFT_VERSION = 5.0;
				TARGETED_DEVICE_FAMILY = "1,2";
			};
			name = Release;
		};
/* End XCBuildConfiguration section */

/* Begin XCConfigurationList section */
		C2FDADA727122A9300DB7F19 /* Build configuration list for PBXNativeTarget "Tests" */ = {
			isa = XCConfigurationList;
			buildConfigurations = (
				C2FDADA527122A9300DB7F19 /* Debug */,
				C2FDADA627122A9300DB7F19 /* Release */,
			);
			defaultConfigurationIsVisible = 0;
			defaultConfigurationName = Release;
		};
		EA9EA44B26FBE33C00B5B565 /* Build configuration list for PBXProject "GestionCETAC" */ = {
			isa = XCConfigurationList;
			buildConfigurations = (
				EA9EA46226FBE34600B5B565 /* Debug */,
				EA9EA46326FBE34600B5B565 /* Release */,
			);
			defaultConfigurationIsVisible = 0;
			defaultConfigurationName = Release;
		};
		EA9EA46426FBE34600B5B565 /* Build configuration list for PBXNativeTarget "GestionCETAC" */ = {
			isa = XCConfigurationList;
			buildConfigurations = (
				EA9EA46526FBE34600B5B565 /* Debug */,
				EA9EA46626FBE34600B5B565 /* Release */,
			);
			defaultConfigurationIsVisible = 0;
			defaultConfigurationName = Release;
		};
/* End XCConfigurationList section */
	};
	rootObject = EA9EA44826FBE33C00B5B565 /* Project object */;
}
